// !$*UTF8*$!
{
	archiveVersion = 1;
	classes = {
	};
	objectVersion = 56;
	objects = {

/* Begin PBXBuildFile section */
		FE0E8F732F06810800EBD918 /* lavadero_sepulveda_appApp.swift in Sources */ = {isa = PBXBuildFile; fileRef = FE0E8F722F06810800EBD918 /* lavadero_sepulveda_appApp.swift */; };
		FE0E8F752F06810800EBD918 /* ContentView.swift in Sources */ = {isa = PBXBuildFile; fileRef = FE0E8F742F06810800EBD918 /* ContentView.swift */; };
		FE0E8F772F06812200EBD918 /* Assets.xcassets in Resources */ = {isa = PBXBuildFile; fileRef = FE0E8F762F06812200EBD918 /* Assets.xcassets */; };
		FE0E8F7B2F06812200EBD918 /* Preview Assets.xcassets in Resources */ = {isa = PBXBuildFile; fileRef = FE0E8F7A2F06812200EBD918 /* Preview Assets.xcassets */; };
		FE0E8F852F06812500EBD918 /* lavadero_sepulveda_appTests.swift in Sources */ = {isa = PBXBuildFile; fileRef = FE0E8F842F06812500EBD918 /* lavadero_sepulveda_appTests.swift */; };
		FE0E8F8F2F06812500EBD918 /* lavadero_sepulveda_appUITests.swift in Sources */ = {isa = PBXBuildFile; fileRef = FE0E8F8E2F06812500EBD918 /* lavadero_sepulveda_appUITests.swift */; };
		FE0E8F912F06812600EBD918 /* lavadero_sepulveda_appUITestsLaunchTests.swift in Sources */ = {isa = PBXBuildFile; fileRef = FE0E8F902F06812600EBD918 /* lavadero_sepulveda_appUITestsLaunchTests.swift */; };
/* End PBXBuildFile section */

/* Begin PBXContainerItemProxy section */
		FE0E8F812F06812500EBD918 /* PBXContainerItemProxy */ = {
			isa = PBXContainerItemProxy;
			containerPortal = FE0E8F672F06810800EBD918 /* Project object */;
			proxyType = 1;
			remoteGlobalIDString = FE0E8F6E2F06810800EBD918;
			remoteInfo = lavadero_sepulveda_app;
		};
		FE0E8F8B2F06812500EBD918 /* PBXContainerItemProxy */ = {
			isa = PBXContainerItemProxy;
			containerPortal = FE0E8F672F06810800EBD918 /* Project object */;
			proxyType = 1;
			remoteGlobalIDString = FE0E8F6E2F06810800EBD918;
			remoteInfo = lavadero_sepulveda_app;
		};
/* End PBXContainerItemProxy section */

/* Begin PBXFileReference section */
		FE0E8F6F2F06810800EBD918 /* lavadero_sepulveda_app.app */ = {isa = PBXFileReference; explicitFileType = wrapper.application; includeInIndex = 0; path = lavadero_sepulveda_app.app; sourceTree = BUILT_PRODUCTS_DIR; };
		FE0E8F722F06810800EBD918 /* lavadero_sepulveda_appApp.swift */ = {isa = PBXFileReference; lastKnownFileType = sourcecode.swift; path = lavadero_sepulveda_appApp.swift; sourceTree = "<group>"; };
		FE0E8F742F06810800EBD918 /* ContentView.swift */ = {isa = PBXFileReference; lastKnownFileType = sourcecode.swift; path = ContentView.swift; sourceTree = "<group>"; };
		FE0E8F762F06812200EBD918 /* Assets.xcassets */ = {isa = PBXFileReference; lastKnownFileType = folder.assetcatalog; path = Assets.xcassets; sourceTree = "<group>"; };
		FE0E8F782F06812200EBD918 /* lavadero_sepulveda_app.entitlements */ = {isa = PBXFileReference; lastKnownFileType = text.plist.entitlements; path = lavadero_sepulveda_app.entitlements; sourceTree = "<group>"; };
		FE0E8F7A2F06812200EBD918 /* Preview Assets.xcassets */ = {isa = PBXFileReference; lastKnownFileType = folder.assetcatalog; path = "Preview Assets.xcassets"; sourceTree = "<group>"; };
		FE0E8F802F06812500EBD918 /* lavadero_sepulveda_appTests.xctest */ = {isa = PBXFileReference; explicitFileType = wrapper.cfbundle; includeInIndex = 0; path = lavadero_sepulveda_appTests.xctest; sourceTree = BUILT_PRODUCTS_DIR; };
		FE0E8F842F06812500EBD918 /* lavadero_sepulveda_appTests.swift */ = {isa = PBXFileReference; lastKnownFileType = sourcecode.swift; path = lavadero_sepulveda_appTests.swift; sourceTree = "<group>"; };
		FE0E8F8A2F06812500EBD918 /* lavadero_sepulveda_appUITests.xctest */ = {isa = PBXFileReference; explicitFileType = wrapper.cfbundle; includeInIndex = 0; path = lavadero_sepulveda_appUITests.xctest; sourceTree = BUILT_PRODUCTS_DIR; };
		FE0E8F8E2F06812500EBD918 /* lavadero_sepulveda_appUITests.swift */ = {isa = PBXFileReference; lastKnownFileType = sourcecode.swift; path = lavadero_sepulveda_appUITests.swift; sourceTree = "<group>"; };
		FE0E8F902F06812600EBD918 /* lavadero_sepulveda_appUITestsLaunchTests.swift */ = {isa = PBXFileReference; lastKnownFileType = sourcecode.swift; path = lavadero_sepulveda_appUITestsLaunchTests.swift; sourceTree = "<group>"; };
/* End PBXFileReference section */

/* Begin PBXFrameworksBuildPhase section */
		FE0E8F6C2F06810800EBD918 /* Frameworks */ = {
			isa = PBXFrameworksBuildPhase;
			buildActionMask = 2147483647;
			files = (
			);
			runOnlyForDeploymentPostprocessing = 0;
		};
		FE0E8F7D2F06812500EBD918 /* Frameworks */ = {
			isa = PBXFrameworksBuildPhase;
			buildActionMask = 2147483647;
			files = (
			);
			runOnlyForDeploymentPostprocessing = 0;
		};
		FE0E8F872F06812500EBD918 /* Frameworks */ = {
			isa = PBXFrameworksBuildPhase;
			buildActionMask = 2147483647;
			files = (
			);
			runOnlyForDeploymentPostprocessing = 0;
		};
/* End PBXFrameworksBuildPhase section */

/* Begin PBXGroup section */
		FE0E8F662F06810800EBD918 = {
			isa = PBXGroup;
			children = (
				FE0E8F712F06810800EBD918 /* lavadero_sepulveda_app */,
				FE0E8F832F06812500EBD918 /* lavadero_sepulveda_appTests */,
				FE0E8F8D2F06812500EBD918 /* lavadero_sepulveda_appUITests */,
				FE0E8F702F06810800EBD918 /* Products */,
			);
			sourceTree = "<group>";
		};
		FE0E8F702F06810800EBD918 /* Products */ = {
			isa = PBXGroup;
			children = (
				FE0E8F6F2F06810800EBD918 /* lavadero_sepulveda_app.app */,
				FE0E8F802F06812500EBD918 /* lavadero_sepulveda_appTests.xctest */,
				FE0E8F8A2F06812500EBD918 /* lavadero_sepulveda_appUITests.xctest */,
			);
			name = Products;
			sourceTree = "<group>";
		};
		FE0E8F712F06810800EBD918 /* lavadero_sepulveda_app */ = {
			isa = PBXGroup;
			children = (
				FE0E8F722F06810800EBD918 /* lavadero_sepulveda_appApp.swift */,
				FE0E8F742F06810800EBD918 /* ContentView.swift */,
				FE0E8F762F06812200EBD918 /* Assets.xcassets */,
				FE0E8F782F06812200EBD918 /* lavadero_sepulveda_app.entitlements */,
				FE0E8F792F06812200EBD918 /* Preview Content */,
			);
			path = lavadero_sepulveda_app;
			sourceTree = "<group>";
		};
		FE0E8F792F06812200EBD918 /* Preview Content */ = {
			isa = PBXGroup;
			children = (
				FE0E8F7A2F06812200EBD918 /* Preview Assets.xcassets */,
			);
			path = "Preview Content";
			sourceTree = "<group>";
		};
		FE0E8F832F06812500EBD918 /* lavadero_sepulveda_appTests */ = {
			isa = PBXGroup;
			children = (
				FE0E8F842F06812500EBD918 /* lavadero_sepulveda_appTests.swift */,
			);
			path = lavadero_sepulveda_appTests;
			sourceTree = "<group>";
		};
		FE0E8F8D2F06812500EBD918 /* lavadero_sepulveda_appUITests */ = {
			isa = PBXGroup;
			children = (
				FE0E8F8E2F06812500EBD918 /* lavadero_sepulveda_appUITests.swift */,
				FE0E8F902F06812600EBD918 /* lavadero_sepulveda_appUITestsLaunchTests.swift */,
			);
			path = lavadero_sepulveda_appUITests;
			sourceTree = "<group>";
		};
/* End PBXGroup section */

/* Begin PBXNativeTarget section */
		FE0E8F6E2F06810800EBD918 /* lavadero_sepulveda_app */ = {
			isa = PBXNativeTarget;
			buildConfigurationList = FE0E8F942F06812600EBD918 /* Build configuration list for PBXNativeTarget "lavadero_sepulveda_app" */;
			buildPhases = (
				FE0E8F6B2F06810800EBD918 /* Sources */,
				FE0E8F6C2F06810800EBD918 /* Frameworks */,
				FE0E8F6D2F06810800EBD918 /* Resources */,
			);
			buildRules = (
			);
			dependencies = (
			);
			name = lavadero_sepulveda_app;
			productName = lavadero_sepulveda_app;
			productReference = FE0E8F6F2F06810800EBD918 /* lavadero_sepulveda_app.app */;
			productType = "com.apple.product-type.application";
		};
		FE0E8F7F2F06812500EBD918 /* lavadero_sepulveda_appTests */ = {
			isa = PBXNativeTarget;
			buildConfigurationList = FE0E8F972F06812600EBD918 /* Build configuration list for PBXNativeTarget "lavadero_sepulveda_appTests" */;
			buildPhases = (
				FE0E8F7C2F06812500EBD918 /* Sources */,
				FE0E8F7D2F06812500EBD918 /* Frameworks */,
				FE0E8F7E2F06812500EBD918 /* Resources */,
			);
			buildRules = (
			);
			dependencies = (
				FE0E8F822F06812500EBD918 /* PBXTargetDependency */,
			);
			name = lavadero_sepulveda_appTests;
			productName = lavadero_sepulveda_appTests;
			productReference = FE0E8F802F06812500EBD918 /* lavadero_sepulveda_appTests.xctest */;
			productType = "com.apple.product-type.bundle.unit-test";
		};
		FE0E8F892F06812500EBD918 /* lavadero_sepulveda_appUITests */ = {
			isa = PBXNativeTarget;
			buildConfigurationList = FE0E8F9A2F06812600EBD918 /* Build configuration list for PBXNativeTarget "lavadero_sepulveda_appUITests" */;
			buildPhases = (
				FE0E8F862F06812500EBD918 /* Sources */,
				FE0E8F872F06812500EBD918 /* Frameworks */,
				FE0E8F882F06812500EBD918 /* Resources */,
			);
			buildRules = (
			);
			dependencies = (
				FE0E8F8C2F06812500EBD918 /* PBXTargetDependency */,
			);
			name = lavadero_sepulveda_appUITests;
			productName = lavadero_sepulveda_appUITests;
			productReference = FE0E8F8A2F06812500EBD918 /* lavadero_sepulveda_appUITests.xctest */;
			productType = "com.apple.product-type.bundle.ui-testing";
		};
/* End PBXNativeTarget section */

/* Begin PBXProject section */
		FE0E8F672F06810800EBD918 /* Project object */ = {
			isa = PBXProject;
			attributes = {
				BuildIndependentTargetsInParallel = 1;
				LastSwiftUpdateCheck = 1420;
				LastUpgradeCheck = 1420;
				TargetAttributes = {
					FE0E8F6E2F06810800EBD918 = {
						CreatedOnToolsVersion = 14.2;
					};
					FE0E8F7F2F06812500EBD918 = {
						CreatedOnToolsVersion = 14.2;
						TestTargetID = FE0E8F6E2F06810800EBD918;
					};
					FE0E8F892F06812500EBD918 = {
						CreatedOnToolsVersion = 14.2;
						TestTargetID = FE0E8F6E2F06810800EBD918;
					};
				};
			};
			buildConfigurationList = FE0E8F6A2F06810800EBD918 /* Build configuration list for PBXProject "lavadero_sepulveda_app" */;
			compatibilityVersion = "Xcode 14.0";
			developmentRegion = en;
			hasScannedForEncodings = 0;
			knownRegions = (
				en,
				Base,
			);
			mainGroup = FE0E8F662F06810800EBD918;
			productRefGroup = FE0E8F702F06810800EBD918 /* Products */;
			projectDirPath = "";
			projectRoot = "";
			targets = (
				FE0E8F6E2F06810800EBD918 /* lavadero_sepulveda_app */,
				FE0E8F7F2F06812500EBD918 /* lavadero_sepulveda_appTests */,
				FE0E8F892F06812500EBD918 /* lavadero_sepulveda_appUITests */,
			);
		};
/* End PBXProject section */

/* Begin PBXResourcesBuildPhase section */
		FE0E8F6D2F06810800EBD918 /* Resources */ = {
			isa = PBXResourcesBuildPhase;
			buildActionMask = 2147483647;
			files = (
				FE0E8F7B2F06812200EBD918 /* Preview Assets.xcassets in Resources */,
				FE0E8F772F06812200EBD918 /* Assets.xcassets in Resources */,
			);
			runOnlyForDeploymentPostprocessing = 0;
		};
		FE0E8F7E2F06812500EBD918 /* Resources */ = {
			isa = PBXResourcesBuildPhase;
			buildActionMask = 2147483647;
			files = (
			);
			runOnlyForDeploymentPostprocessing = 0;
		};
		FE0E8F882F06812500EBD918 /* Resources */ = {
			isa = PBXResourcesBuildPhase;
			buildActionMask = 2147483647;
			files = (
			);
			runOnlyForDeploymentPostprocessing = 0;
		};
/* End PBXResourcesBuildPhase section */

/* Begin PBXSourcesBuildPhase section */
		FE0E8F6B2F06810800EBD918 /* Sources */ = {
			isa = PBXSourcesBuildPhase;
			buildActionMask = 2147483647;
			files = (
				FE0E8F752F06810800EBD918 /* ContentView.swift in Sources */,
				FE0E8F732F06810800EBD918 /* lavadero_sepulveda_appApp.swift in Sources */,
			);
			runOnlyForDeploymentPostprocessing = 0;
		};
		FE0E8F7C2F06812500EBD918 /* Sources */ = {
			isa = PBXSourcesBuildPhase;
			buildActionMask = 2147483647;
			files = (
				FE0E8F852F06812500EBD918 /* lavadero_sepulveda_appTests.swift in Sources */,
			);
			runOnlyForDeploymentPostprocessing = 0;
		};
		FE0E8F862F06812500EBD918 /* Sources */ = {
			isa = PBXSourcesBuildPhase;
			buildActionMask = 2147483647;
			files = (
				FE0E8F912F06812600EBD918 /* lavadero_sepulveda_appUITestsLaunchTests.swift in Sources */,
				FE0E8F8F2F06812500EBD918 /* lavadero_sepulveda_appUITests.swift in Sources */,
			);
			runOnlyForDeploymentPostprocessing = 0;
		};
/* End PBXSourcesBuildPhase section */

/* Begin PBXTargetDependency section */
		FE0E8F822F06812500EBD918 /* PBXTargetDependency */ = {
			isa = PBXTargetDependency;
			target = FE0E8F6E2F06810800EBD918 /* lavadero_sepulveda_app */;
			targetProxy = FE0E8F812F06812500EBD918 /* PBXContainerItemProxy */;
		};
		FE0E8F8C2F06812500EBD918 /* PBXTargetDependency */ = {
			isa = PBXTargetDependency;
			target = FE0E8F6E2F06810800EBD918 /* lavadero_sepulveda_app */;
			targetProxy = FE0E8F8B2F06812500EBD918 /* PBXContainerItemProxy */;
		};
/* End PBXTargetDependency section */

/* Begin XCBuildConfiguration section */
		FE0E8F922F06812600EBD918 /* Debug */ = {
			isa = XCBuildConfiguration;
			buildSettings = {
				ALWAYS_SEARCH_USER_PATHS = NO;
				CLANG_ANALYZER_NONNULL = YES;
				CLANG_ANALYZER_NUMBER_OBJECT_CONVERSION = YES_AGGRESSIVE;
				CLANG_CXX_LANGUAGE_STANDARD = "gnu++20";
				CLANG_ENABLE_MODULES = YES;
				CLANG_ENABLE_OBJC_ARC = YES;
				CLANG_ENABLE_OBJC_WEAK = YES;
				CLANG_WARN_BLOCK_CAPTURE_AUTORELEASING = YES;
				CLANG_WARN_BOOL_CONVERSION = YES;
				CLANG_WARN_COMMA = YES;
				CLANG_WARN_CONSTANT_CONVERSION = YES;
				CLANG_WARN_DEPRECATED_OBJC_IMPLEMENTATIONS = YES;
				CLANG_WARN_DIRECT_OBJC_ISA_USAGE = YES_ERROR;
				CLANG_WARN_DOCUMENTATION_COMMENTS = YES;
				CLANG_WARN_EMPTY_BODY = YES;
				CLANG_WARN_ENUM_CONVERSION = YES;
				CLANG_WARN_INFINITE_RECURSION = YES;
				CLANG_WARN_INT_CONVERSION = YES;
				CLANG_WARN_NON_LITERAL_NULL_CONVERSION = YES;
				CLANG_WARN_OBJC_IMPLICIT_RETAIN_SELF = YES;
				CLANG_WARN_OBJC_LITERAL_CONVERSION = YES;
				CLANG_WARN_OBJC_ROOT_CLASS = YES_ERROR;
				CLANG_WARN_QUOTED_INCLUDE_IN_FRAMEWORK_HEADER = YES;
				CLANG_WARN_RANGE_LOOP_ANALYSIS = YES;
				CLANG_WARN_STRICT_PROTOTYPES = YES;
				CLANG_WARN_SUSPICIOUS_MOVE = YES;
				CLANG_WARN_UNGUARDED_AVAILABILITY = YES_AGGRESSIVE;
				CLANG_WARN_UNREACHABLE_CODE = YES;
				CLANG_WARN__DUPLICATE_METHOD_MATCH = YES;
				COPY_PHASE_STRIP = NO;
				DEBUG_INFORMATION_FORMAT = dwarf;
				ENABLE_STRICT_OBJC_MSGSEND = YES;
				ENABLE_TESTABILITY = YES;
				GCC_C_LANGUAGE_STANDARD = gnu11;
				GCC_DYNAMIC_NO_PIC = NO;
				GCC_NO_COMMON_BLOCKS = YES;
				GCC_OPTIMIZATION_LEVEL = 0;
				GCC_PREPROCESSOR_DEFINITIONS = (
					"DEBUG=1",
					"$(inherited)",
				);
				GCC_WARN_64_TO_32_BIT_CONVERSION = YES;
				GCC_WARN_ABOUT_RETURN_TYPE = YES_ERROR;
				GCC_WARN_UNDECLARED_SELECTOR = YES;
				GCC_WARN_UNINITIALIZED_AUTOS = YES_AGGRESSIVE;
				GCC_WARN_UNUSED_FUNCTION = YES;
				GCC_WARN_UNUSED_VARIABLE = YES;
				MTL_ENABLE_DEBUG_INFO = INCLUDE_SOURCE;
				MTL_FAST_MATH = YES;
				ONLY_ACTIVE_ARCH = YES;
				SWIFT_ACTIVE_COMPILATION_CONDITIONS = DEBUG;
				SWIFT_OPTIMIZATION_LEVEL = "-Onone";
			};
			name = Debug;
		};
		FE0E8F932F06812600EBD918 /* Release */ = {
			isa = XCBuildConfiguration;
			buildSettings = {
				ALWAYS_SEARCH_USER_PATHS = NO;
				CLANG_ANALYZER_NONNULL = YES;
				CLANG_ANALYZER_NUMBER_OBJECT_CONVERSION = YES_AGGRESSIVE;
				CLANG_CXX_LANGUAGE_STANDARD = "gnu++20";
				CLANG_ENABLE_MODULES = YES;
				CLANG_ENABLE_OBJC_ARC = YES;
				CLANG_ENABLE_OBJC_WEAK = YES;
				CLANG_WARN_BLOCK_CAPTURE_AUTORELEASING = YES;
				CLANG_WARN_BOOL_CONVERSION = YES;
				CLANG_WARN_COMMA = YES;
				CLANG_WARN_CONSTANT_CONVERSION = YES;
				CLANG_WARN_DEPRECATED_OBJC_IMPLEMENTATIONS = YES;
				CLANG_WARN_DIRECT_OBJC_ISA_USAGE = YES_ERROR;
				CLANG_WARN_DOCUMENTATION_COMMENTS = YES;
				CLANG_WARN_EMPTY_BODY = YES;
				CLANG_WARN_ENUM_CONVERSION = YES;
				CLANG_WARN_INFINITE_RECURSION = YES;
				CLANG_WARN_INT_CONVERSION = YES;
				CLANG_WARN_NON_LITERAL_NULL_CONVERSION = YES;
				CLANG_WARN_OBJC_IMPLICIT_RETAIN_SELF = YES;
				CLANG_WARN_OBJC_LITERAL_CONVERSION = YES;
				CLANG_WARN_OBJC_ROOT_CLASS = YES_ERROR;
				CLANG_WARN_QUOTED_INCLUDE_IN_FRAMEWORK_HEADER = YES;
				CLANG_WARN_RANGE_LOOP_ANALYSIS = YES;
				CLANG_WARN_STRICT_PROTOTYPES = YES;
				CLANG_WARN_SUSPICIOUS_MOVE = YES;
				CLANG_WARN_UNGUARDED_AVAILABILITY = YES_AGGRESSIVE;
				CLANG_WARN_UNREACHABLE_CODE = YES;
				CLANG_WARN__DUPLICATE_METHOD_MATCH = YES;
				COPY_PHASE_STRIP = NO;
				DEBUG_INFORMATION_FORMAT = "dwarf-with-dsym";
				ENABLE_NS_ASSERTIONS = NO;
				ENABLE_STRICT_OBJC_MSGSEND = YES;
				GCC_C_LANGUAGE_STANDARD = gnu11;
				GCC_NO_COMMON_BLOCKS = YES;
				GCC_WARN_64_TO_32_BIT_CONVERSION = YES;
				GCC_WARN_ABOUT_RETURN_TYPE = YES_ERROR;
				GCC_WARN_UNDECLARED_SELECTOR = YES;
				GCC_WARN_UNINITIALIZED_AUTOS = YES_AGGRESSIVE;
				GCC_WARN_UNUSED_FUNCTION = YES;
				GCC_WARN_UNUSED_VARIABLE = YES;
				MTL_ENABLE_DEBUG_INFO = NO;
				MTL_FAST_MATH = YES;
				SWIFT_COMPILATION_MODE = wholemodule;
				SWIFT_OPTIMIZATION_LEVEL = "-O";
			};
			name = Release;
		};
		FE0E8F952F06812600EBD918 /* Debug */ = {
			isa = XCBuildConfiguration;
			buildSettings = {
				ASSETCATALOG_COMPILER_APPICON_NAME = AppIcon;
				ASSETCATALOG_COMPILER_GLOBAL_ACCENT_COLOR_NAME = AccentColor;
				CODE_SIGN_ENTITLEMENTS = lavadero_sepulveda_app/lavadero_sepulveda_app.entitlements;
				CODE_SIGN_STYLE = Automatic;
				CURRENT_PROJECT_VERSION = 1;
				DEVELOPMENT_ASSET_PATHS = "\"lavadero_sepulveda_app/Preview Content\"";
				DEVELOPMENT_TEAM = 2FBDM726U2;
				ENABLE_HARDENED_RUNTIME = YES;
				ENABLE_PREVIEWS = YES;
				GENERATE_INFOPLIST_FILE = YES;
				"INFOPLIST_KEY_UIApplicationSceneManifest_Generation[sdk=iphoneos*]" = YES;
				"INFOPLIST_KEY_UIApplicationSceneManifest_Generation[sdk=iphonesimulator*]" = YES;
				"INFOPLIST_KEY_UIApplicationSupportsIndirectInputEvents[sdk=iphoneos*]" = YES;
				"INFOPLIST_KEY_UIApplicationSupportsIndirectInputEvents[sdk=iphonesimulator*]" = YES;
				"INFOPLIST_KEY_UILaunchScreen_Generation[sdk=iphoneos*]" = YES;
				"INFOPLIST_KEY_UILaunchScreen_Generation[sdk=iphonesimulator*]" = YES;
				"INFOPLIST_KEY_UIStatusBarStyle[sdk=iphoneos*]" = UIStatusBarStyleDefault;
				"INFOPLIST_KEY_UIStatusBarStyle[sdk=iphonesimulator*]" = UIStatusBarStyleDefault;
				INFOPLIST_KEY_UISupportedInterfaceOrientations_iPad = "UIInterfaceOrientationPortrait UIInterfaceOrientationPortraitUpsideDown UIInterfaceOrientationLandscapeLeft UIInterfaceOrientationLandscapeRight";
				INFOPLIST_KEY_UISupportedInterfaceOrientations_iPhone = "UIInterfaceOrientationPortrait UIInterfaceOrientationLandscapeLeft UIInterfaceOrientationLandscapeRight";
				IPHONEOS_DEPLOYMENT_TARGET = 16.2;
				LD_RUNPATH_SEARCH_PATHS = "@executable_path/Frameworks";
				"LD_RUNPATH_SEARCH_PATHS[sdk=macosx*]" = "@executable_path/../Frameworks";
				MACOSX_DEPLOYMENT_TARGET = 13.1;
				MARKETING_VERSION = 1.0;
				PRODUCT_BUNDLE_IDENTIFIER = "com.Antonio.lavadero-sepulveda-app";
				PRODUCT_NAME = "$(TARGET_NAME)";
				SDKROOT = auto;
				SUPPORTED_PLATFORMS = "iphoneos iphonesimulator macosx";
				SWIFT_EMIT_LOC_STRINGS = YES;
				SWIFT_VERSION = 5.0;
				TARGETED_DEVICE_FAMILY = "1,2";
			};
			name = Debug;
		};
		FE0E8F962F06812600EBD918 /* Release */ = {
			isa = XCBuildConfiguration;
			buildSettings = {
				ASSETCATALOG_COMPILER_APPICON_NAME = AppIcon;
				ASSETCATALOG_COMPILER_GLOBAL_ACCENT_COLOR_NAME = AccentColor;
				CODE_SIGN_ENTITLEMENTS = lavadero_sepulveda_app/lavadero_sepulveda_app.entitlements;
				CODE_SIGN_STYLE = Automatic;
				CURRENT_PROJECT_VERSION = 1;
				DEVELOPMENT_ASSET_PATHS = "\"lavadero_sepulveda_app/Preview Content\"";
				DEVELOPMENT_TEAM = 2FBDM726U2;
				ENABLE_HARDENED_RUNTIME = YES;
				ENABLE_PREVIEWS = YES;
				GENERATE_INFOPLIST_FILE = YES;
				"INFOPLIST_KEY_UIApplicationSceneManifest_Generation[sdk=iphoneos*]" = YES;
				"INFOPLIST_KEY_UIApplicationSceneManifest_Generation[sdk=iphonesimulator*]" = YES;
				"INFOPLIST_KEY_UIApplicationSupportsIndirectInputEvents[sdk=iphoneos*]" = YES;
				"INFOPLIST_KEY_UIApplicationSupportsIndirectInputEvents[sdk=iphonesimulator*]" = YES;
				"INFOPLIST_KEY_UILaunchScreen_Generation[sdk=iphoneos*]" = YES;
				"INFOPLIST_KEY_UILaunchScreen_Generation[sdk=iphonesimulator*]" = YES;
				"INFOPLIST_KEY_UIStatusBarStyle[sdk=iphoneos*]" = UIStatusBarStyleDefault;
				"INFOPLIST_KEY_UIStatusBarStyle[sdk=iphonesimulator*]" = UIStatusBarStyleDefault;
				INFOPLIST_KEY_UISupportedInterfaceOrientations_iPad = "UIInterfaceOrientationPortrait UIInterfaceOrientationPortraitUpsideDown UIInterfaceOrientationLandscapeLeft UIInterfaceOrientationLandscapeRight";
				INFOPLIST_KEY_UISupportedInterfaceOrientations_iPhone = "UIInterfaceOrientationPortrait UIInterfaceOrientationLandscapeLeft UIInterfaceOrientationLandscapeRight";
				IPHONEOS_DEPLOYMENT_TARGET = 16.2;
				LD_RUNPATH_SEARCH_PATHS = "@executable_path/Frameworks";
				"LD_RUNPATH_SEARCH_PATHS[sdk=macosx*]" = "@executable_path/../Frameworks";
				MACOSX_DEPLOYMENT_TARGET = 13.1;
				MARKETING_VERSION = 1.0;
				PRODUCT_BUNDLE_IDENTIFIER = "com.Antonio.lavadero-sepulveda-app";
				PRODUCT_NAME = "$(TARGET_NAME)";
				SDKROOT = auto;
				SUPPORTED_PLATFORMS = "iphoneos iphonesimulator macosx";
				SWIFT_EMIT_LOC_STRINGS = YES;
				SWIFT_VERSION = 5.0;
				TARGETED_DEVICE_FAMILY = "1,2";
			};
			name = Release;
		};
		FE0E8F982F06812600EBD918 /* Debug */ = {
			isa = XCBuildConfiguration;
			buildSettings = {
				ALWAYS_EMBED_SWIFT_STANDARD_LIBRARIES = YES;
				BUNDLE_LOADER = "$(TEST_HOST)";
				CODE_SIGN_STYLE = Automatic;
				CURRENT_PROJECT_VERSION = 1;
				DEVELOPMENT_TEAM = 2FBDM726U2;
				GENERATE_INFOPLIST_FILE = YES;
				IPHONEOS_DEPLOYMENT_TARGET = 16.2;
				MACOSX_DEPLOYMENT_TARGET = 13.1;
				MARKETING_VERSION = 1.0;
				PRODUCT_BUNDLE_IDENTIFIER = "com.Antonio.lavadero-sepulveda-appTests";
				PRODUCT_NAME = "$(TARGET_NAME)";
				SDKROOT = auto;
				SUPPORTED_PLATFORMS = "iphoneos iphonesimulator macosx";
				SWIFT_EMIT_LOC_STRINGS = NO;
				SWIFT_VERSION = 5.0;
				TARGETED_DEVICE_FAMILY = "1,2";
				TEST_HOST = "$(BUILT_PRODUCTS_DIR)/lavadero_sepulveda_app.app/$(BUNDLE_EXECUTABLE_FOLDER_PATH)/lavadero_sepulveda_app";
			};
			name = Debug;
		};
		FE0E8F992F06812600EBD918 /* Release */ = {
			isa = XCBuildConfiguration;
			buildSettings = {
				ALWAYS_EMBED_SWIFT_STANDARD_LIBRARIES = YES;
				BUNDLE_LOADER = "$(TEST_HOST)";
				CODE_SIGN_STYLE = Automatic;
				CURRENT_PROJECT_VERSION = 1;
				DEVELOPMENT_TEAM = 2FBDM726U2;
				GENERATE_INFOPLIST_FILE = YES;
				IPHONEOS_DEPLOYMENT_TARGET = 16.2;
				MACOSX_DEPLOYMENT_TARGET = 13.1;
				MARKETING_VERSION = 1.0;
				PRODUCT_BUNDLE_IDENTIFIER = "com.Antonio.lavadero-sepulveda-appTests";
				PRODUCT_NAME = "$(TARGET_NAME)";
				SDKROOT = auto;
				SUPPORTED_PLATFORMS = "iphoneos iphonesimulator macosx";
				SWIFT_EMIT_LOC_STRINGS = NO;
				SWIFT_VERSION = 5.0;
				TARGETED_DEVICE_FAMILY = "1,2";
				TEST_HOST = "$(BUILT_PRODUCTS_DIR)/lavadero_sepulveda_app.app/$(BUNDLE_EXECUTABLE_FOLDER_PATH)/lavadero_sepulveda_app";
			};
			name = Release;
		};
		FE0E8F9B2F06812600EBD918 /* Debug */ = {
			isa = XCBuildConfiguration;
			buildSettings = {
				ALWAYS_EMBED_SWIFT_STANDARD_LIBRARIES = YES;
				CODE_SIGN_STYLE = Automatic;
				CURRENT_PROJECT_VERSION = 1;
				DEVELOPMENT_TEAM = 2FBDM726U2;
				GENERATE_INFOPLIST_FILE = YES;
				IPHONEOS_DEPLOYMENT_TARGET = 16.2;
				MACOSX_DEPLOYMENT_TARGET = 13.1;
				MARKETING_VERSION = 1.0;
				PRODUCT_BUNDLE_IDENTIFIER = "com.Antonio.lavadero-sepulveda-appUITests";
				PRODUCT_NAME = "$(TARGET_NAME)";
				SDKROOT = auto;
				SUPPORTED_PLATFORMS = "iphoneos iphonesimulator macosx";
				SWIFT_EMIT_LOC_STRINGS = NO;
				SWIFT_VERSION = 5.0;
				TARGETED_DEVICE_FAMILY = "1,2";
				TEST_TARGET_NAME = lavadero_sepulveda_app;
			};
			name = Debug;
		};
		FE0E8F9C2F06812600EBD918 /* Release */ = {
			isa = XCBuildConfiguration;
			buildSettings = {
				ALWAYS_EMBED_SWIFT_STANDARD_LIBRARIES = YES;
				CODE_SIGN_STYLE = Automatic;
				CURRENT_PROJECT_VERSION = 1;
				DEVELOPMENT_TEAM = 2FBDM726U2;
				GENERATE_INFOPLIST_FILE = YES;
				IPHONEOS_DEPLOYMENT_TARGET = 16.2;
				MACOSX_DEPLOYMENT_TARGET = 13.1;
				MARKETING_VERSION = 1.0;
				PRODUCT_BUNDLE_IDENTIFIER = "com.Antonio.lavadero-sepulveda-appUITests";
				PRODUCT_NAME = "$(TARGET_NAME)";
				SDKROOT = auto;
				SUPPORTED_PLATFORMS = "iphoneos iphonesimulator macosx";
				SWIFT_EMIT_LOC_STRINGS = NO;
				SWIFT_VERSION = 5.0;
				TARGETED_DEVICE_FAMILY = "1,2";
				TEST_TARGET_NAME = lavadero_sepulveda_app;
			};
			name = Release;
		};
/* End XCBuildConfiguration section */

/* Begin XCConfigurationList section */
		FE0E8F6A2F06810800EBD918 /* Build configuration list for PBXProject "lavadero_sepulveda_app" */ = {
			isa = XCConfigurationList;
			buildConfigurations = (
				FE0E8F922F06812600EBD918 /* Debug */,
				FE0E8F932F06812600EBD918 /* Release */,
			);
			defaultConfigurationIsVisible = 0;
			defaultConfigurationName = Release;
		};
		FE0E8F942F06812600EBD918 /* Build configuration list for PBXNativeTarget "lavadero_sepulveda_app" */ = {
			isa = XCConfigurationList;
			buildConfigurations = (
				FE0E8F952F06812600EBD918 /* Debug */,
				FE0E8F962F06812600EBD918 /* Release */,
			);
			defaultConfigurationIsVisible = 0;
			defaultConfigurationName = Release;
		};
		FE0E8F972F06812600EBD918 /* Build configuration list for PBXNativeTarget "lavadero_sepulveda_appTests" */ = {
			isa = XCConfigurationList;
			buildConfigurations = (
				FE0E8F982F06812600EBD918 /* Debug */,
				FE0E8F992F06812600EBD918 /* Release */,
			);
			defaultConfigurationIsVisible = 0;
			defaultConfigurationName = Release;
		};
		FE0E8F9A2F06812600EBD918 /* Build configuration list for PBXNativeTarget "lavadero_sepulveda_appUITests" */ = {
			isa = XCConfigurationList;
			buildConfigurations = (
				FE0E8F9B2F06812600EBD918 /* Debug */,
				FE0E8F9C2F06812600EBD918 /* Release */,
			);
			defaultConfigurationIsVisible = 0;
			defaultConfigurationName = Release;
		};
/* End XCConfigurationList section */
	};
	rootObject = FE0E8F672F06810800EBD918 /* Project object */;
}
